
Microsoft Visual Studio Solution File, Format Version 12.00
# Visual Studio Version 17
VisualStudioVersion = 17.0.32014.148
MinimumVisualStudioVersion = 10.0.40219.1
Project("{FAE04EC0-301F-11D3-BF4B-00C04F79EFBC}") = "Marathone.app", "Marathone.app\Marathone.app.csproj", "{7F18053B-E187-43B7-AFFB-A70732047F24}"
EndProject
Project("{FAE04EC0-301F-11D3-BF4B-00C04F79EFBC}") = "Task_2", "Task_2\Task_2.csproj", "{37401BD3-F1A9-4B0E-BD78-791E0CC74A22}"
EndProject
Project("{FAE04EC0-301F-11D3-BF4B-00C04F79EFBC}") = "Task_3", "Task_3\Task_3.csproj", "{FE5D3193-1DC8-4089-A176-E522CACD5D8C}"
EndProject
Project("{FAE04EC0-301F-11D3-BF4B-00C04F79EFBC}") = "Task_4", "Task_4\Task_4.csproj", "{07FF9D70-0645-42B0-B103-504705E7873E}"
EndProject
Project("{FAE04EC0-301F-11D3-BF4B-00C04F79EFBC}") = "Task_5", "Task_5\Task_5.csproj", "{20E8A02C-DB08-4694-9651-A0BF0A6EAB91}"
EndProject
Project("{FAE04EC0-301F-11D3-BF4B-00C04F79EFBC}") = "Task_6", "Task_6\Task_6.csproj", "{6A9921B4-C7CF-4217-AAC5-33E55AE26734}"
EndProject
Global
	GlobalSection(SolutionConfigurationPlatforms) = preSolution
		Debug|Any CPU = Debug|Any CPU
		Release|Any CPU = Release|Any CPU
	EndGlobalSection
	GlobalSection(ProjectConfigurationPlatforms) = postSolution
		{7F18053B-E187-43B7-AFFB-A70732047F24}.Debug|Any CPU.ActiveCfg = Debug|Any CPU
		{7F18053B-E187-43B7-AFFB-A70732047F24}.Debug|Any CPU.Build.0 = Debug|Any CPU
		{7F18053B-E187-43B7-AFFB-A70732047F24}.Release|Any CPU.ActiveCfg = Release|Any CPU
		{7F18053B-E187-43B7-AFFB-A70732047F24}.Release|Any CPU.Build.0 = Release|Any CPU
		{37401BD3-F1A9-4B0E-BD78-791E0CC74A22}.Debug|Any CPU.ActiveCfg = Debug|Any CPU
		{37401BD3-F1A9-4B0E-BD78-791E0CC74A22}.Debug|Any CPU.Build.0 = Debug|Any CPU
		{37401BD3-F1A9-4B0E-BD78-791E0CC74A22}.Release|Any CPU.ActiveCfg = Release|Any CPU
		{37401BD3-F1A9-4B0E-BD78-791E0CC74A22}.Release|Any CPU.Build.0 = Release|Any CPU
		{FE5D3193-1DC8-4089-A176-E522CACD5D8C}.Debug|Any CPU.ActiveCfg = Debug|Any CPU
		{FE5D3193-1DC8-4089-A176-E522CACD5D8C}.Debug|Any CPU.Build.0 = Debug|Any CPU
		{FE5D3193-1DC8-4089-A176-E522CACD5D8C}.Release|Any CPU.ActiveCfg = Release|Any CPU
		{FE5D3193-1DC8-4089-A176-E522CACD5D8C}.Release|Any CPU.Build.0 = Release|Any CPU
		{07FF9D70-0645-42B0-B103-504705E7873E}.Debug|Any CPU.ActiveCfg = Debug|Any CPU
		{07FF9D70-0645-42B0-B103-504705E7873E}.Debug|Any CPU.Build.0 = Debug|Any CPU
		{07FF9D70-0645-42B0-B103-504705E7873E}.Release|Any CPU.ActiveCfg = Release|Any CPU
		{07FF9D70-0645-42B0-B103-504705E7873E}.Release|Any CPU.Build.0 = Release|Any CPU
		{20E8A02C-DB08-4694-9651-A0BF0A6EAB91}.Debug|Any CPU.ActiveCfg = Debug|Any CPU
		{20E8A02C-DB08-4694-9651-A0BF0A6EAB91}.Debug|Any CPU.Build.0 = Debug|Any CPU
		{20E8A02C-DB08-4694-9651-A0BF0A6EAB91}.Release|Any CPU.ActiveCfg = Release|Any CPU
		{20E8A02C-DB08-4694-9651-A0BF0A6EAB91}.Release|Any CPU.Build.0 = Release|Any CPU
		{6A9921B4-C7CF-4217-AAC5-33E55AE26734}.Debug|Any CPU.ActiveCfg = Debug|Any CPU
		{6A9921B4-C7CF-4217-AAC5-33E55AE26734}.Debug|Any CPU.Build.0 = Debug|Any CPU
		{6A9921B4-C7CF-4217-AAC5-33E55AE26734}.Release|Any CPU.ActiveCfg = Release|Any CPU
		{6A9921B4-C7CF-4217-AAC5-33E55AE26734}.Release|Any CPU.Build.0 = Release|Any CPU
	EndGlobalSection
	GlobalSection(SolutionProperties) = preSolution
		HideSolutionNode = FALSE
	EndGlobalSection
	GlobalSection(ExtensibilityGlobals) = postSolution
		SolutionGuid = {2BFF43E0-4E99-4277-9DCA-B30B46937E92}
	EndGlobalSection
EndGlobal
